
Microsoft Visual Studio Solution File, Format Version 12.00
# Visual Studio Version 17
VisualStudioVersion = 17.12.35707.178
MinimumVisualStudioVersion = 10.0.40219.1
Project("{2150E333-8FDC-42A3-9474-1A3956D46DE8}") = "Core", "Core", "{38B1888C-D245-4139-BAFD-107477DC3CA8}"
EndProject
Project("{2150E333-8FDC-42A3-9474-1A3956D46DE8}") = "Services", "Services", "{DA37A9B6-6529-4848-8039-E8ED3B338775}"
EndProject
Project("{FAE04EC0-301F-11D3-BF4B-00C04F79EFBC}") = "BookingAppDio.Bus", "src\core\BookingAppDIO.Bus\BookingAppDio.Bus.csproj", "{85BEA293-9C3D-42F3-A375-2D718326DF0A}"
EndProject
Project("{FAE04EC0-301F-11D3-BF4B-00C04F79EFBC}") = "BookingAppDio.Core", "src\core\BookingAppDIO.Core\BookingAppDio.Core.csproj", "{1BD9EBCF-1FB3-4EAA-B5B8-E7DA89C654DD}"
EndProject
Project("{2150E333-8FDC-42A3-9474-1A3956D46DE8}") = "Booking", "Booking", "{99027CE7-C222-4EA9-98EA-471B2C754DC2}"
EndProject
Project("{2150E333-8FDC-42A3-9474-1A3956D46DE8}") = "Flight", "Flight", "{AF6CA76D-0FD3-4B01-BB68-193A2BABDC31}"
EndProject
Project("{2150E333-8FDC-42A3-9474-1A3956D46DE8}") = "Email", "Email", "{F6FC20ED-F7A3-4088-8CAD-0EA1F7C3D40E}"
EndProject
Project("{2150E333-8FDC-42A3-9474-1A3956D46DE8}") = "Passenger", "Passenger", "{EF8D956B-3228-4A3B-974E-8FE930665CC7}"
EndProject
Project("{2150E333-8FDC-42A3-9474-1A3956D46DE8}") = "Identity", "Identity", "{FF66156F-81CF-4BA5-AB8B-9F61563AC331}"
EndProject
Project("{FAE04EC0-301F-11D3-BF4B-00C04F79EFBC}") = "BookingAppDio.Booking.API", "src\services\booking\BookingAppDIO.Booking.API\BookingAppDio.Booking.API.csproj", "{44BBA93C-0F7C-42A7-B527-AC252AF276D5}"
EndProject
Project("{FAE04EC0-301F-11D3-BF4B-00C04F79EFBC}") = "BookingAppDio.Booking.Domain", "src\services\booking\BookingAppDio.Booking.Domain\BookingAppDio.Booking.Domain.csproj", "{8CDDCD7B-6E71-428E-A13A-C62B03A0411F}"
EndProject
Project("{FAE04EC0-301F-11D3-BF4B-00C04F79EFBC}") = "BookingAppDio.Booking.Infra", "src\services\booking\BookingAppDio.Booking.Infra\BookingAppDio.Booking.Infra.csproj", "{A8719C75-FCFC-414A-8E3A-838D648E30FA}"
EndProject
Project("{FAE04EC0-301F-11D3-BF4B-00C04F79EFBC}") = "BookingAppDio.Email", "src\services\email\BookingAppDio.Email\BookingAppDio.Email.csproj", "{425B3231-12F8-4935-BFA1-3847B1AF8B5C}"
EndProject
Project("{FAE04EC0-301F-11D3-BF4B-00C04F79EFBC}") = "BookingAppDio.Identity", "src\services\identity\BookingAppDio.Identity\BookingAppDio.Identity.csproj", "{915A3500-C437-4372-B9E2-94AE86323838}"
EndProject
Project("{FAE04EC0-301F-11D3-BF4B-00C04F79EFBC}") = "BookingAppDio.Passenger", "src\services\passenger\BookingAppDio.Passenger\BookingAppDio.Passenger.csproj", "{A14750DA-D401-45EC-B606-21DEFAA98F25}"
EndProject
Project("{FAE04EC0-301F-11D3-BF4B-00C04F79EFBC}") = "BookingAppDio.Flight.API", "src\services\flight\BookingAppDio.Flight.API\BookingAppDio.Flight.API.csproj", "{D300C51F-ADFD-4AA9-BD4A-7638A66FAED5}"
EndProject
Project("{FAE04EC0-301F-11D3-BF4B-00C04F79EFBC}") = "BookingAppDio.Flight.Domain", "src\services\flight\BookingAppDio.Flight.Domain\BookingAppDio.Flight.Domain.csproj", "{FEAEE93D-FCB5-43B3-AEE3-784074BEFA73}"
EndProject
Project("{FAE04EC0-301F-11D3-BF4B-00C04F79EFBC}") = "BookingAppDio.Flight.Infra", "src\services\flight\BookingAppDio.Flight.Infra\BookingAppDio.Flight.Infra.csproj", "{0C714C2F-A6AC-4B5A-A83F-09E833D8FAAF}"
EndProject
Global
	GlobalSection(SolutionConfigurationPlatforms) = preSolution
		Debug|Any CPU = Debug|Any CPU
		Release|Any CPU = Release|Any CPU
	EndGlobalSection
	GlobalSection(ProjectConfigurationPlatforms) = postSolution
		{85BEA293-9C3D-42F3-A375-2D718326DF0A}.Debug|Any CPU.ActiveCfg = Debug|Any CPU
		{85BEA293-9C3D-42F3-A375-2D718326DF0A}.Debug|Any CPU.Build.0 = Debug|Any CPU
		{85BEA293-9C3D-42F3-A375-2D718326DF0A}.Release|Any CPU.ActiveCfg = Release|Any CPU
		{85BEA293-9C3D-42F3-A375-2D718326DF0A}.Release|Any CPU.Build.0 = Release|Any CPU
		{1BD9EBCF-1FB3-4EAA-B5B8-E7DA89C654DD}.Debug|Any CPU.ActiveCfg = Debug|Any CPU
		{1BD9EBCF-1FB3-4EAA-B5B8-E7DA89C654DD}.Debug|Any CPU.Build.0 = Debug|Any CPU
		{1BD9EBCF-1FB3-4EAA-B5B8-E7DA89C654DD}.Release|Any CPU.ActiveCfg = Release|Any CPU
		{1BD9EBCF-1FB3-4EAA-B5B8-E7DA89C654DD}.Release|Any CPU.Build.0 = Release|Any CPU
		{44BBA93C-0F7C-42A7-B527-AC252AF276D5}.Debug|Any CPU.ActiveCfg = Debug|Any CPU
		{44BBA93C-0F7C-42A7-B527-AC252AF276D5}.Debug|Any CPU.Build.0 = Debug|Any CPU
		{44BBA93C-0F7C-42A7-B527-AC252AF276D5}.Release|Any CPU.ActiveCfg = Release|Any CPU
		{44BBA93C-0F7C-42A7-B527-AC252AF276D5}.Release|Any CPU.Build.0 = Release|Any CPU
		{8CDDCD7B-6E71-428E-A13A-C62B03A0411F}.Debug|Any CPU.ActiveCfg = Debug|Any CPU
		{8CDDCD7B-6E71-428E-A13A-C62B03A0411F}.Debug|Any CPU.Build.0 = Debug|Any CPU
		{8CDDCD7B-6E71-428E-A13A-C62B03A0411F}.Release|Any CPU.ActiveCfg = Release|Any CPU
		{8CDDCD7B-6E71-428E-A13A-C62B03A0411F}.Release|Any CPU.Build.0 = Release|Any CPU
		{A8719C75-FCFC-414A-8E3A-838D648E30FA}.Debug|Any CPU.ActiveCfg = Debug|Any CPU
		{A8719C75-FCFC-414A-8E3A-838D648E30FA}.Debug|Any CPU.Build.0 = Debug|Any CPU
		{A8719C75-FCFC-414A-8E3A-838D648E30FA}.Release|Any CPU.ActiveCfg = Release|Any CPU
		{A8719C75-FCFC-414A-8E3A-838D648E30FA}.Release|Any CPU.Build.0 = Release|Any CPU
		{425B3231-12F8-4935-BFA1-3847B1AF8B5C}.Debug|Any CPU.ActiveCfg = Debug|Any CPU
		{425B3231-12F8-4935-BFA1-3847B1AF8B5C}.Debug|Any CPU.Build.0 = Debug|Any CPU
		{425B3231-12F8-4935-BFA1-3847B1AF8B5C}.Release|Any CPU.ActiveCfg = Release|Any CPU
		{425B3231-12F8-4935-BFA1-3847B1AF8B5C}.Release|Any CPU.Build.0 = Release|Any CPU
		{915A3500-C437-4372-B9E2-94AE86323838}.Debug|Any CPU.ActiveCfg = Debug|Any CPU
		{915A3500-C437-4372-B9E2-94AE86323838}.Debug|Any CPU.Build.0 = Debug|Any CPU
		{915A3500-C437-4372-B9E2-94AE86323838}.Release|Any CPU.ActiveCfg = Release|Any CPU
		{915A3500-C437-4372-B9E2-94AE86323838}.Release|Any CPU.Build.0 = Release|Any CPU
		{A14750DA-D401-45EC-B606-21DEFAA98F25}.Debug|Any CPU.ActiveCfg = Debug|Any CPU
		{A14750DA-D401-45EC-B606-21DEFAA98F25}.Debug|Any CPU.Build.0 = Debug|Any CPU
		{A14750DA-D401-45EC-B606-21DEFAA98F25}.Release|Any CPU.ActiveCfg = Release|Any CPU
		{A14750DA-D401-45EC-B606-21DEFAA98F25}.Release|Any CPU.Build.0 = Release|Any CPU
		{D300C51F-ADFD-4AA9-BD4A-7638A66FAED5}.Debug|Any CPU.ActiveCfg = Debug|Any CPU
		{D300C51F-ADFD-4AA9-BD4A-7638A66FAED5}.Debug|Any CPU.Build.0 = Debug|Any CPU
		{D300C51F-ADFD-4AA9-BD4A-7638A66FAED5}.Release|Any CPU.ActiveCfg = Release|Any CPU
		{D300C51F-ADFD-4AA9-BD4A-7638A66FAED5}.Release|Any CPU.Build.0 = Release|Any CPU
		{FEAEE93D-FCB5-43B3-AEE3-784074BEFA73}.Debug|Any CPU.ActiveCfg = Debug|Any CPU
		{FEAEE93D-FCB5-43B3-AEE3-784074BEFA73}.Debug|Any CPU.Build.0 = Debug|Any CPU
		{FEAEE93D-FCB5-43B3-AEE3-784074BEFA73}.Release|Any CPU.ActiveCfg = Release|Any CPU
		{FEAEE93D-FCB5-43B3-AEE3-784074BEFA73}.Release|Any CPU.Build.0 = Release|Any CPU
		{0C714C2F-A6AC-4B5A-A83F-09E833D8FAAF}.Debug|Any CPU.ActiveCfg = Debug|Any CPU
		{0C714C2F-A6AC-4B5A-A83F-09E833D8FAAF}.Debug|Any CPU.Build.0 = Debug|Any CPU
		{0C714C2F-A6AC-4B5A-A83F-09E833D8FAAF}.Release|Any CPU.ActiveCfg = Release|Any CPU
		{0C714C2F-A6AC-4B5A-A83F-09E833D8FAAF}.Release|Any CPU.Build.0 = Release|Any CPU
	EndGlobalSection
	GlobalSection(SolutionProperties) = preSolution
		HideSolutionNode = FALSE
	EndGlobalSection
	GlobalSection(NestedProjects) = preSolution
		{85BEA293-9C3D-42F3-A375-2D718326DF0A} = {38B1888C-D245-4139-BAFD-107477DC3CA8}
		{1BD9EBCF-1FB3-4EAA-B5B8-E7DA89C654DD} = {38B1888C-D245-4139-BAFD-107477DC3CA8}
		{99027CE7-C222-4EA9-98EA-471B2C754DC2} = {DA37A9B6-6529-4848-8039-E8ED3B338775}
		{AF6CA76D-0FD3-4B01-BB68-193A2BABDC31} = {DA37A9B6-6529-4848-8039-E8ED3B338775}
		{F6FC20ED-F7A3-4088-8CAD-0EA1F7C3D40E} = {DA37A9B6-6529-4848-8039-E8ED3B338775}
		{EF8D956B-3228-4A3B-974E-8FE930665CC7} = {DA37A9B6-6529-4848-8039-E8ED3B338775}
		{FF66156F-81CF-4BA5-AB8B-9F61563AC331} = {DA37A9B6-6529-4848-8039-E8ED3B338775}
		{44BBA93C-0F7C-42A7-B527-AC252AF276D5} = {99027CE7-C222-4EA9-98EA-471B2C754DC2}
		{8CDDCD7B-6E71-428E-A13A-C62B03A0411F} = {99027CE7-C222-4EA9-98EA-471B2C754DC2}
		{A8719C75-FCFC-414A-8E3A-838D648E30FA} = {99027CE7-C222-4EA9-98EA-471B2C754DC2}
		{425B3231-12F8-4935-BFA1-3847B1AF8B5C} = {F6FC20ED-F7A3-4088-8CAD-0EA1F7C3D40E}
		{915A3500-C437-4372-B9E2-94AE86323838} = {FF66156F-81CF-4BA5-AB8B-9F61563AC331}
		{A14750DA-D401-45EC-B606-21DEFAA98F25} = {EF8D956B-3228-4A3B-974E-8FE930665CC7}
		{D300C51F-ADFD-4AA9-BD4A-7638A66FAED5} = {AF6CA76D-0FD3-4B01-BB68-193A2BABDC31}
		{FEAEE93D-FCB5-43B3-AEE3-784074BEFA73} = {AF6CA76D-0FD3-4B01-BB68-193A2BABDC31}
		{0C714C2F-A6AC-4B5A-A83F-09E833D8FAAF} = {AF6CA76D-0FD3-4B01-BB68-193A2BABDC31}
	EndGlobalSection
EndGlobal
